{
  "nodes": {
    "code-cursor": {
      "locked": {
        "lastModified": 1747711484,
        "narHash": "sha256-q1sPBTMBWbsWX8Hvs96TzhMHnjEyZL2qbu85msv4PwU=",
        "owner": "nixos",
        "repo": "nixpkgs",
        "rev": "c0099261f9316d75150231b62289befda8911de5",
        "type": "github"
      },
      "original": {
        "owner": "nixos",
        "repo": "nixpkgs",
        "rev": "c0099261f9316d75150231b62289befda8911de5",
        "type": "github"
      }
    },
    "home-manager": {
      "inputs": {
        "nixpkgs": [
          "nixpkgs"
        ]
      },
      "locked": {
        "lastModified": 1749154018,
        "narHash": "sha256-gjN3j7joRvT3a8Zgcylnd4NFsnXeDBumqiu4HmY1RIg=",
        "owner": "nix-community",
        "repo": "home-manager",
        "rev": "7aae0ee71a17b19708b93b3ed448a1a0952bf111",
        "type": "github"
      },
      "original": {
        "owner": "nix-community",
        "ref": "release-25.05",
        "repo": "home-manager",
        "type": "github"
      }
    },
    "impermanence": {
      "locked": {
        "lastModified": 1737831083,
        "narHash": "sha256-LJggUHbpyeDvNagTUrdhe/pRVp4pnS6wVKALS782gRI=",
        "owner": "nix-community",
        "repo": "impermanence",
        "rev": "4b3e914cdf97a5b536a889e939fb2fd2b043a170",
        "type": "github"
      },
      "original": {
        "owner": "nix-community",
        "repo": "impermanence",
        "type": "github"
      }
    },
    "nixpkgs": {
      "locked": {
        "lastModified": 1749857119,
        "narHash": "sha256-tG5xUn3hFaPpAHYIvr2F88b+ovcIO5k1HqajFy7ZFPM=",
        "owner": "NixOS",
        "repo": "nixpkgs",
        "rev": "5f4f306bea96741f1588ea4f450b2a2e29f42b98",
        "type": "github"
      },
      "original": {
        "id": "nixpkgs",
        "ref": "nixos-25.05",
        "type": "indirect"
      }
    },
    "nixpkgs-master": {
      "locked": {
        "lastModified": 1750049819,
        "narHash": "sha256-7hkluSCvePYQoSu6goqh4CKLVKhmr33rDf0LO+hNrlc=",
        "owner": "nixos",
        "repo": "nixpkgs",
        "rev": "a8cf52487b3d97f7f0fd6bf2bd484457adad063c",
        "type": "github"
      },
      "original": {
        "owner": "nixos",
        "ref": "master",
        "repo": "nixpkgs",
        "type": "github"
      }
    },
    "root": {
      "inputs": {
        "code-cursor": "code-cursor",
        "home-manager": "home-manager",
        "impermanence": "impermanence",
        "nixpkgs": "nixpkgs",
        "nixpkgs-master": "nixpkgs-master",
        "sops-nix": "sops-nix"
      }
    },
    "sops-nix": {
      "inputs": {
        "nixpkgs": [
          "nixpkgs"
        ]
      },
      "locked": {
        "lastModified": 1749592509,
        "narHash": "sha256-VunQzfZFA+Y6x3wYi2UE4DEQ8qKoAZZCnZPUlSoqC+A=",
        "owner": "Mic92",
        "repo": "sops-nix",
        "rev": "50754dfaa0e24e313c626900d44ef431f3210138",
        "type": "github"
      },
      "original": {
        "owner": "Mic92",
        "repo": "sops-nix",
        "type": "github"
      }
    }
  },
  "root": "root",
  "version": 7
}
